
Microsoft Visual Studio Solution File, Format Version 12.00
# Visual Studio 14
VisualStudioVersion = 14.0.24720.0
MinimumVisualStudioVersion = 10.0.40219.1
Project("{FAE04EC0-301F-11D3-BF4B-00C04F79EFBC}") = "Transducers.Net", "Transducers.Net\Transducers.Net.csproj", "{73042D36-EA06-44DF-87A5-7A2AAC73012B}"
EndProject
Project("{FAE04EC0-301F-11D3-BF4B-00C04F79EFBC}") = "Tests", "Tests\Tests.csproj", "{76FBFCFE-5935-4ECD-969B-03EF48518055}"
EndProject
Project("{FAE04EC0-301F-11D3-BF4B-00C04F79EFBC}") = "Transducers.Net.Reactive", "Transducers.Net.Reactive\Transducers.Net.Reactive.csproj", "{AA19E497-E116-4359-BD55-E6406A1FF270}"
EndProject
Global
	GlobalSection(SolutionConfigurationPlatforms) = preSolution
		Debug|Any CPU = Debug|Any CPU
		Release|Any CPU = Release|Any CPU
	EndGlobalSection
	GlobalSection(ProjectConfigurationPlatforms) = postSolution
		{73042D36-EA06-44DF-87A5-7A2AAC73012B}.Debug|Any CPU.ActiveCfg = Debug|Any CPU
		{73042D36-EA06-44DF-87A5-7A2AAC73012B}.Debug|Any CPU.Build.0 = Debug|Any CPU
		{73042D36-EA06-44DF-87A5-7A2AAC73012B}.Release|Any CPU.ActiveCfg = Release|Any CPU
		{73042D36-EA06-44DF-87A5-7A2AAC73012B}.Release|Any CPU.Build.0 = Release|Any CPU
		{76FBFCFE-5935-4ECD-969B-03EF48518055}.Debug|Any CPU.ActiveCfg = Debug|Any CPU
		{76FBFCFE-5935-4ECD-969B-03EF48518055}.Debug|Any CPU.Build.0 = Debug|Any CPU
		{76FBFCFE-5935-4ECD-969B-03EF48518055}.Release|Any CPU.ActiveCfg = Release|Any CPU
		{76FBFCFE-5935-4ECD-969B-03EF48518055}.Release|Any CPU.Build.0 = Release|Any CPU
		{AA19E497-E116-4359-BD55-E6406A1FF270}.Debug|Any CPU.ActiveCfg = Debug|Any CPU
		{AA19E497-E116-4359-BD55-E6406A1FF270}.Debug|Any CPU.Build.0 = Debug|Any CPU
		{AA19E497-E116-4359-BD55-E6406A1FF270}.Release|Any CPU.ActiveCfg = Release|Any CPU
		{AA19E497-E116-4359-BD55-E6406A1FF270}.Release|Any CPU.Build.0 = Release|Any CPU
	EndGlobalSection
	GlobalSection(SolutionProperties) = preSolution
		HideSolutionNode = FALSE
	EndGlobalSection
EndGlobal
